
Microsoft Visual Studio Solution File, Format Version 12.00
# Visual Studio 15
VisualStudioVersion = 15.0.27428.2011
MinimumVisualStudioVersion = 10.0.40219.1
Project("{8BC9CEB8-8B4A-11D0-8D11-00A0C91BC942}") = "ASNet", "ASNet\ASNet.vcxproj", "{7F7A477B-C80E-4390-84A5-4B091F02ACD8}"
EndProject
Project("{8BC9CEB8-8B4A-11D0-8D11-00A0C91BC942}") = "testClient", "..\test\test.vcxproj", "{0A3EA380-5174-4698-B353-7C918054A89E}"
EndProject
Project("{8BC9CEB8-8B4A-11D0-8D11-00A0C91BC942}") = "client", "..\test\client\client\client.vcxproj", "{BEDC3B5A-BB20-4D31-B96F-FC14A2AB5B04}"
EndProject
Project("{8BC9CEB8-8B4A-11D0-8D11-00A0C91BC942}") = "server", "..\test\server\server\server.vcxproj", "{2C6709BA-5D12-4588-AF16-6432B9F85A32}"
EndProject
Global
	GlobalSection(SolutionConfigurationPlatforms) = preSolution
		Debug|x64 = Debug|x64
		Debug|x86 = Debug|x86
		Release|x64 = Release|x64
		Release|x86 = Release|x86
	EndGlobalSection
	GlobalSection(ProjectConfigurationPlatforms) = postSolution
		{7F7A477B-C80E-4390-84A5-4B091F02ACD8}.Debug|x64.ActiveCfg = Debug|x64
		{7F7A477B-C80E-4390-84A5-4B091F02ACD8}.Debug|x64.Build.0 = Debug|x64
		{7F7A477B-C80E-4390-84A5-4B091F02ACD8}.Debug|x86.ActiveCfg = Debug|Win32
		{7F7A477B-C80E-4390-84A5-4B091F02ACD8}.Debug|x86.Build.0 = Debug|Win32
		{7F7A477B-C80E-4390-84A5-4B091F02ACD8}.Release|x64.ActiveCfg = Release|x64
		{7F7A477B-C80E-4390-84A5-4B091F02ACD8}.Release|x64.Build.0 = Release|x64
		{7F7A477B-C80E-4390-84A5-4B091F02ACD8}.Release|x86.ActiveCfg = Release|Win32
		{7F7A477B-C80E-4390-84A5-4B091F02ACD8}.Release|x86.Build.0 = Release|Win32
		{0A3EA380-5174-4698-B353-7C918054A89E}.Debug|x64.ActiveCfg = Debug|x64
		{0A3EA380-5174-4698-B353-7C918054A89E}.Debug|x64.Build.0 = Debug|x64
		{0A3EA380-5174-4698-B353-7C918054A89E}.Debug|x86.ActiveCfg = Debug|Win32
		{0A3EA380-5174-4698-B353-7C918054A89E}.Debug|x86.Build.0 = Debug|Win32
		{0A3EA380-5174-4698-B353-7C918054A89E}.Release|x64.ActiveCfg = Release|x64
		{0A3EA380-5174-4698-B353-7C918054A89E}.Release|x64.Build.0 = Release|x64
		{0A3EA380-5174-4698-B353-7C918054A89E}.Release|x86.ActiveCfg = Release|Win32
		{0A3EA380-5174-4698-B353-7C918054A89E}.Release|x86.Build.0 = Release|Win32
		{BEDC3B5A-BB20-4D31-B96F-FC14A2AB5B04}.Debug|x64.ActiveCfg = Debug|x64
		{BEDC3B5A-BB20-4D31-B96F-FC14A2AB5B04}.Debug|x64.Build.0 = Debug|x64
		{BEDC3B5A-BB20-4D31-B96F-FC14A2AB5B04}.Debug|x86.ActiveCfg = Debug|Win32
		{BEDC3B5A-BB20-4D31-B96F-FC14A2AB5B04}.Debug|x86.Build.0 = Debug|Win32
		{BEDC3B5A-BB20-4D31-B96F-FC14A2AB5B04}.Release|x64.ActiveCfg = Release|x64
		{BEDC3B5A-BB20-4D31-B96F-FC14A2AB5B04}.Release|x64.Build.0 = Release|x64
		{BEDC3B5A-BB20-4D31-B96F-FC14A2AB5B04}.Release|x86.ActiveCfg = Release|Win32
		{BEDC3B5A-BB20-4D31-B96F-FC14A2AB5B04}.Release|x86.Build.0 = Release|Win32
		{2C6709BA-5D12-4588-AF16-6432B9F85A32}.Debug|x64.ActiveCfg = Debug|x64
		{2C6709BA-5D12-4588-AF16-6432B9F85A32}.Debug|x64.Build.0 = Debug|x64
		{2C6709BA-5D12-4588-AF16-6432B9F85A32}.Debug|x86.ActiveCfg = Debug|Win32
		{2C6709BA-5D12-4588-AF16-6432B9F85A32}.Debug|x86.Build.0 = Debug|Win32
		{2C6709BA-5D12-4588-AF16-6432B9F85A32}.Release|x64.ActiveCfg = Release|x64
		{2C6709BA-5D12-4588-AF16-6432B9F85A32}.Release|x64.Build.0 = Release|x64
		{2C6709BA-5D12-4588-AF16-6432B9F85A32}.Release|x86.ActiveCfg = Release|Win32
		{2C6709BA-5D12-4588-AF16-6432B9F85A32}.Release|x86.Build.0 = Release|Win32
	EndGlobalSection
	GlobalSection(SolutionProperties) = preSolution
		HideSolutionNode = FALSE
	EndGlobalSection
	GlobalSection(ExtensibilityGlobals) = postSolution
		SolutionGuid = {A89035CF-C56A-4B60-8A5D-F2A96EDFEDE0}
	EndGlobalSection
EndGlobal
